
Microsoft Visual Studio Solution File, Format Version 12.00
# Visual Studio 15
VisualStudioVersion = 15.0.27130.2024
MinimumVisualStudioVersion = 10.0.40219.1
Project("{FAE04EC0-301F-11D3-BF4B-00C04F79EFBC}") = "Shell", "Shell\Shell.csproj", "{44AF48FC-3AD7-49DC-AFD5-434B6EECE033}"
EndProject
Project("{FAE04EC0-301F-11D3-BF4B-00C04F79EFBC}") = "Entities", "..\Entities\Entities.csproj", "{B0BA3F37-E2A3-42DD-B41D-F45B63D5378B}"
EndProject
Project("{FAE04EC0-301F-11D3-BF4B-00C04F79EFBC}") = "Services", "..\Services\Services.csproj", "{B8512470-2199-4042-B28E-645FCE78BBA3}"
EndProject
Global
	GlobalSection(SolutionConfigurationPlatforms) = preSolution
		Debug|Any CPU = Debug|Any CPU
		Release|Any CPU = Release|Any CPU
	EndGlobalSection
	GlobalSection(ProjectConfigurationPlatforms) = postSolution
		{44AF48FC-3AD7-49DC-AFD5-434B6EECE033}.Debug|Any CPU.ActiveCfg = Debug|Any CPU
		{44AF48FC-3AD7-49DC-AFD5-434B6EECE033}.Debug|Any CPU.Build.0 = Debug|Any CPU
		{44AF48FC-3AD7-49DC-AFD5-434B6EECE033}.Release|Any CPU.ActiveCfg = Release|Any CPU
		{44AF48FC-3AD7-49DC-AFD5-434B6EECE033}.Release|Any CPU.Build.0 = Release|Any CPU
		{B0BA3F37-E2A3-42DD-B41D-F45B63D5378B}.Debug|Any CPU.ActiveCfg = Debug|Any CPU
		{B0BA3F37-E2A3-42DD-B41D-F45B63D5378B}.Debug|Any CPU.Build.0 = Debug|Any CPU
		{B0BA3F37-E2A3-42DD-B41D-F45B63D5378B}.Release|Any CPU.ActiveCfg = Release|Any CPU
		{B0BA3F37-E2A3-42DD-B41D-F45B63D5378B}.Release|Any CPU.Build.0 = Release|Any CPU
		{B8512470-2199-4042-B28E-645FCE78BBA3}.Debug|Any CPU.ActiveCfg = Debug|Any CPU
		{B8512470-2199-4042-B28E-645FCE78BBA3}.Debug|Any CPU.Build.0 = Debug|Any CPU
		{B8512470-2199-4042-B28E-645FCE78BBA3}.Release|Any CPU.ActiveCfg = Release|Any CPU
		{B8512470-2199-4042-B28E-645FCE78BBA3}.Release|Any CPU.Build.0 = Release|Any CPU
	EndGlobalSection
	GlobalSection(SolutionProperties) = preSolution
		HideSolutionNode = FALSE
	EndGlobalSection
	GlobalSection(ExtensibilityGlobals) = postSolution
		SolutionGuid = {974CB775-0B0C-4C2D-8589-E811E4051765}
	EndGlobalSection
EndGlobal
