
Microsoft Visual Studio Solution File, Format Version 12.00
# Visual Studio 15
VisualStudioVersion = 15.0.27130.2024
MinimumVisualStudioVersion = 10.0.40219.1
Project("{FAE04EC0-301F-11D3-BF4B-00C04F79EFBC}") = "Shell", "Shell\Shell.csproj", "{44AF48FC-3AD7-49DC-AFD5-434B6EECE033}"
EndProject
Project("{FAE04EC0-301F-11D3-BF4B-00C04F79EFBC}") = "Entities", "..\Entities\Entities.csproj", "{B0BA3F37-E2A3-42DD-B41D-F45B63D5378B}"
EndProject
Project("{FAE04EC0-301F-11D3-BF4B-00C04F79EFBC}") = "Services", "..\Services\Services.csproj", "{B8512470-2199-4042-B28E-645FCE78BBA3}"
EndProject
Project("{930C7802-8A8C-48F9-8165-68863BCCD9DD}") = "WindowsInstaller", "WindowsInstaller\WindowsInstaller.wixproj", "{D3A5336F-6CB0-4CD3-9D9C-595038A4DF8B}"
EndProject
Project("{FAE04EC0-301F-11D3-BF4B-00C04F79EFBC}") = "ServiceInterfaces", "ServiceInterfaces\ServiceInterfaces.csproj", "{DD5D9927-C008-4BE6-BA31-C22C75F41B54}"
EndProject
Project("{FAE04EC0-301F-11D3-BF4B-00C04F79EFBC}") = "ServicesTests", "..\ServicesTests\ServicesTests.csproj", "{33FD1073-8CDE-445D-B07F-2E01FFE37CE7}"
EndProject
Project("{FAE04EC0-301F-11D3-BF4B-00C04F79EFBC}") = "EntityInterfaces", "..\EntityInterfaces\EntityInterfaces.csproj", "{81586545-B682-4395-B072-14F38B656EB7}"
EndProject
Project("{FAE04EC0-301F-11D3-BF4B-00C04F79EFBC}") = "DesktopGui", "DesktopGUI\DesktopGui.csproj", "{2782CC8A-F7F3-4DC0-8E4F-1A655E7ECC20}"
EndProject
Project("{2150E333-8FDC-42A3-9474-1A3956D46DE8}") = "Solution Items", "Solution Items", "{B7CC5598-D217-4309-BECD-E7AFA83C6BD0}"
	ProjectSection(SolutionItems) = preProject
		.travis.yml = .travis.yml
	EndProjectSection
EndProject
Global
	GlobalSection(SolutionConfigurationPlatforms) = preSolution
		Debug|Any CPU = Debug|Any CPU
		Debug|x86 = Debug|x86
		Release|Any CPU = Release|Any CPU
		Release|x86 = Release|x86
	EndGlobalSection
	GlobalSection(ProjectConfigurationPlatforms) = postSolution
		{44AF48FC-3AD7-49DC-AFD5-434B6EECE033}.Debug|Any CPU.ActiveCfg = Debug|Any CPU
		{44AF48FC-3AD7-49DC-AFD5-434B6EECE033}.Debug|Any CPU.Build.0 = Debug|Any CPU
		{44AF48FC-3AD7-49DC-AFD5-434B6EECE033}.Debug|x86.ActiveCfg = Debug|Any CPU
		{44AF48FC-3AD7-49DC-AFD5-434B6EECE033}.Debug|x86.Build.0 = Debug|Any CPU
		{44AF48FC-3AD7-49DC-AFD5-434B6EECE033}.Release|Any CPU.ActiveCfg = Release|Any CPU
		{44AF48FC-3AD7-49DC-AFD5-434B6EECE033}.Release|Any CPU.Build.0 = Release|Any CPU
		{44AF48FC-3AD7-49DC-AFD5-434B6EECE033}.Release|x86.ActiveCfg = Release|Any CPU
		{44AF48FC-3AD7-49DC-AFD5-434B6EECE033}.Release|x86.Build.0 = Release|Any CPU
		{B0BA3F37-E2A3-42DD-B41D-F45B63D5378B}.Debug|Any CPU.ActiveCfg = Debug|Any CPU
		{B0BA3F37-E2A3-42DD-B41D-F45B63D5378B}.Debug|Any CPU.Build.0 = Debug|Any CPU
		{B0BA3F37-E2A3-42DD-B41D-F45B63D5378B}.Debug|x86.ActiveCfg = Debug|Any CPU
		{B0BA3F37-E2A3-42DD-B41D-F45B63D5378B}.Debug|x86.Build.0 = Debug|Any CPU
		{B0BA3F37-E2A3-42DD-B41D-F45B63D5378B}.Release|Any CPU.ActiveCfg = Release|Any CPU
		{B0BA3F37-E2A3-42DD-B41D-F45B63D5378B}.Release|Any CPU.Build.0 = Release|Any CPU
		{B0BA3F37-E2A3-42DD-B41D-F45B63D5378B}.Release|x86.ActiveCfg = Release|Any CPU
		{B0BA3F37-E2A3-42DD-B41D-F45B63D5378B}.Release|x86.Build.0 = Release|Any CPU
		{B8512470-2199-4042-B28E-645FCE78BBA3}.Debug|Any CPU.ActiveCfg = Debug|Any CPU
		{B8512470-2199-4042-B28E-645FCE78BBA3}.Debug|Any CPU.Build.0 = Debug|Any CPU
		{B8512470-2199-4042-B28E-645FCE78BBA3}.Debug|x86.ActiveCfg = Debug|Any CPU
		{B8512470-2199-4042-B28E-645FCE78BBA3}.Debug|x86.Build.0 = Debug|Any CPU
		{B8512470-2199-4042-B28E-645FCE78BBA3}.Release|Any CPU.ActiveCfg = Release|Any CPU
		{B8512470-2199-4042-B28E-645FCE78BBA3}.Release|Any CPU.Build.0 = Release|Any CPU
		{B8512470-2199-4042-B28E-645FCE78BBA3}.Release|x86.ActiveCfg = Release|Any CPU
		{B8512470-2199-4042-B28E-645FCE78BBA3}.Release|x86.Build.0 = Release|Any CPU
		{D3A5336F-6CB0-4CD3-9D9C-595038A4DF8B}.Debug|Any CPU.ActiveCfg = Debug|x86
		{D3A5336F-6CB0-4CD3-9D9C-595038A4DF8B}.Debug|x86.ActiveCfg = Debug|x86
		{D3A5336F-6CB0-4CD3-9D9C-595038A4DF8B}.Debug|x86.Build.0 = Debug|x86
		{D3A5336F-6CB0-4CD3-9D9C-595038A4DF8B}.Release|Any CPU.ActiveCfg = Release|x86
		{D3A5336F-6CB0-4CD3-9D9C-595038A4DF8B}.Release|x86.ActiveCfg = Release|x86
		{D3A5336F-6CB0-4CD3-9D9C-595038A4DF8B}.Release|x86.Build.0 = Release|x86
		{DD5D9927-C008-4BE6-BA31-C22C75F41B54}.Debug|Any CPU.ActiveCfg = Debug|Any CPU
		{DD5D9927-C008-4BE6-BA31-C22C75F41B54}.Debug|Any CPU.Build.0 = Debug|Any CPU
		{DD5D9927-C008-4BE6-BA31-C22C75F41B54}.Debug|x86.ActiveCfg = Debug|Any CPU
		{DD5D9927-C008-4BE6-BA31-C22C75F41B54}.Debug|x86.Build.0 = Debug|Any CPU
		{DD5D9927-C008-4BE6-BA31-C22C75F41B54}.Release|Any CPU.ActiveCfg = Release|Any CPU
		{DD5D9927-C008-4BE6-BA31-C22C75F41B54}.Release|Any CPU.Build.0 = Release|Any CPU
		{DD5D9927-C008-4BE6-BA31-C22C75F41B54}.Release|x86.ActiveCfg = Release|Any CPU
		{DD5D9927-C008-4BE6-BA31-C22C75F41B54}.Release|x86.Build.0 = Release|Any CPU
		{33FD1073-8CDE-445D-B07F-2E01FFE37CE7}.Debug|Any CPU.ActiveCfg = Debug|Any CPU
		{33FD1073-8CDE-445D-B07F-2E01FFE37CE7}.Debug|Any CPU.Build.0 = Debug|Any CPU
		{33FD1073-8CDE-445D-B07F-2E01FFE37CE7}.Debug|x86.ActiveCfg = Debug|Any CPU
		{33FD1073-8CDE-445D-B07F-2E01FFE37CE7}.Debug|x86.Build.0 = Debug|Any CPU
		{33FD1073-8CDE-445D-B07F-2E01FFE37CE7}.Release|Any CPU.ActiveCfg = Release|Any CPU
		{33FD1073-8CDE-445D-B07F-2E01FFE37CE7}.Release|Any CPU.Build.0 = Release|Any CPU
		{33FD1073-8CDE-445D-B07F-2E01FFE37CE7}.Release|x86.ActiveCfg = Release|Any CPU
		{33FD1073-8CDE-445D-B07F-2E01FFE37CE7}.Release|x86.Build.0 = Release|Any CPU
		{81586545-B682-4395-B072-14F38B656EB7}.Debug|Any CPU.ActiveCfg = Debug|Any CPU
		{81586545-B682-4395-B072-14F38B656EB7}.Debug|Any CPU.Build.0 = Debug|Any CPU
		{81586545-B682-4395-B072-14F38B656EB7}.Debug|x86.ActiveCfg = Debug|Any CPU
		{81586545-B682-4395-B072-14F38B656EB7}.Debug|x86.Build.0 = Debug|Any CPU
		{81586545-B682-4395-B072-14F38B656EB7}.Release|Any CPU.ActiveCfg = Release|Any CPU
		{81586545-B682-4395-B072-14F38B656EB7}.Release|Any CPU.Build.0 = Release|Any CPU
		{81586545-B682-4395-B072-14F38B656EB7}.Release|x86.ActiveCfg = Release|Any CPU
		{81586545-B682-4395-B072-14F38B656EB7}.Release|x86.Build.0 = Release|Any CPU
		{2782CC8A-F7F3-4DC0-8E4F-1A655E7ECC20}.Debug|Any CPU.ActiveCfg = Debug|Any CPU
		{2782CC8A-F7F3-4DC0-8E4F-1A655E7ECC20}.Debug|Any CPU.Build.0 = Debug|Any CPU
		{2782CC8A-F7F3-4DC0-8E4F-1A655E7ECC20}.Debug|x86.ActiveCfg = Debug|Any CPU
		{2782CC8A-F7F3-4DC0-8E4F-1A655E7ECC20}.Debug|x86.Build.0 = Debug|Any CPU
		{2782CC8A-F7F3-4DC0-8E4F-1A655E7ECC20}.Release|Any CPU.ActiveCfg = Release|Any CPU
		{2782CC8A-F7F3-4DC0-8E4F-1A655E7ECC20}.Release|Any CPU.Build.0 = Release|Any CPU
		{2782CC8A-F7F3-4DC0-8E4F-1A655E7ECC20}.Release|x86.ActiveCfg = Release|Any CPU
		{2782CC8A-F7F3-4DC0-8E4F-1A655E7ECC20}.Release|x86.Build.0 = Release|Any CPU
	EndGlobalSection
	GlobalSection(SolutionProperties) = preSolution
		HideSolutionNode = FALSE
	EndGlobalSection
	GlobalSection(ExtensibilityGlobals) = postSolution
		SolutionGuid = {974CB775-0B0C-4C2D-8589-E811E4051765}
	EndGlobalSection
EndGlobal
